// !$*UTF8*$!
{
	archiveVersion = 1;
	classes = {
	};
	objectVersion = 56;
	objects = {

/* Begin PBXBuildFile section */
		7FAD97F52AE9A8D70029787D /* unManageableApp.swift in Sources */ = {isa = PBXBuildFile; fileRef = 7FAD97F42AE9A8D70029787D /* unManageableApp.swift */; };
		7FAD97F72AE9A8D70029787D /* ContentView.swift in Sources */ = {isa = PBXBuildFile; fileRef = 7FAD97F62AE9A8D70029787D /* ContentView.swift */; };
		7FAD97F92AE9A8D70029787D /* Item.swift in Sources */ = {isa = PBXBuildFile; fileRef = 7FAD97F82AE9A8D70029787D /* Item.swift */; };
		7FAD97FB2AE9A8D90029787D /* Assets.xcassets in Resources */ = {isa = PBXBuildFile; fileRef = 7FAD97FA2AE9A8D90029787D /* Assets.xcassets */; };
		7FAD97FE2AE9A8D90029787D /* Preview Assets.xcassets in Resources */ = {isa = PBXBuildFile; fileRef = 7FAD97FD2AE9A8D90029787D /* Preview Assets.xcassets */; };
		7FAD98082AE9A8D90029787D /* unManageableTests.swift in Sources */ = {isa = PBXBuildFile; fileRef = 7FAD98072AE9A8D90029787D /* unManageableTests.swift */; };
		7FAD98122AE9A8D90029787D /* unManageableUITests.swift in Sources */ = {isa = PBXBuildFile; fileRef = 7FAD98112AE9A8D90029787D /* unManageableUITests.swift */; };
		7FAD98142AE9A8D90029787D /* unManageableUITestsLaunchTests.swift in Sources */ = {isa = PBXBuildFile; fileRef = 7FAD98132AE9A8D90029787D /* unManageableUITestsLaunchTests.swift */; };
/* End PBXBuildFile section */

/* Begin PBXContainerItemProxy section */
		7FAD98042AE9A8D90029787D /* PBXContainerItemProxy */ = {
			isa = PBXContainerItemProxy;
			containerPortal = 7FAD97E92AE9A8D70029787D /* Project object */;
			proxyType = 1;
			remoteGlobalIDString = 7FAD97F02AE9A8D70029787D;
			remoteInfo = unManageable;
		};
		7FAD980E2AE9A8D90029787D /* PBXContainerItemProxy */ = {
			isa = PBXContainerItemProxy;
			containerPortal = 7FAD97E92AE9A8D70029787D /* Project object */;
			proxyType = 1;
			remoteGlobalIDString = 7FAD97F02AE9A8D70029787D;
			remoteInfo = unManageable;
		};
/* End PBXContainerItemProxy section */

/* Begin PBXFileReference section */
		7FAD97F12AE9A8D70029787D /* unManageable.app */ = {isa = PBXFileReference; explicitFileType = wrapper.application; includeInIndex = 0; path = unManageable.app; sourceTree = BUILT_PRODUCTS_DIR; };
		7FAD97F42AE9A8D70029787D /* unManageableApp.swift */ = {isa = PBXFileReference; lastKnownFileType = sourcecode.swift; path = unManageableApp.swift; sourceTree = "<group>"; };
		7FAD97F62AE9A8D70029787D /* ContentView.swift */ = {isa = PBXFileReference; lastKnownFileType = sourcecode.swift; path = ContentView.swift; sourceTree = "<group>"; };
		7FAD97F82AE9A8D70029787D /* Item.swift */ = {isa = PBXFileReference; lastKnownFileType = sourcecode.swift; path = Item.swift; sourceTree = "<group>"; };
		7FAD97FA2AE9A8D90029787D /* Assets.xcassets */ = {isa = PBXFileReference; lastKnownFileType = folder.assetcatalog; path = Assets.xcassets; sourceTree = "<group>"; };
		7FAD97FD2AE9A8D90029787D /* Preview Assets.xcassets */ = {isa = PBXFileReference; lastKnownFileType = folder.assetcatalog; path = "Preview Assets.xcassets"; sourceTree = "<group>"; };
		7FAD98032AE9A8D90029787D /* unManageableTests.xctest */ = {isa = PBXFileReference; explicitFileType = wrapper.cfbundle; includeInIndex = 0; path = unManageableTests.xctest; sourceTree = BUILT_PRODUCTS_DIR; };
		7FAD98072AE9A8D90029787D /* unManageableTests.swift */ = {isa = PBXFileReference; lastKnownFileType = sourcecode.swift; path = unManageableTests.swift; sourceTree = "<group>"; };
		7FAD980D2AE9A8D90029787D /* unManageableUITests.xctest */ = {isa = PBXFileReference; explicitFileType = wrapper.cfbundle; includeInIndex = 0; path = unManageableUITests.xctest; sourceTree = BUILT_PRODUCTS_DIR; };
		7FAD98112AE9A8D90029787D /* unManageableUITests.swift */ = {isa = PBXFileReference; lastKnownFileType = sourcecode.swift; path = unManageableUITests.swift; sourceTree = "<group>"; };
		7FAD98132AE9A8D90029787D /* unManageableUITestsLaunchTests.swift */ = {isa = PBXFileReference; lastKnownFileType = sourcecode.swift; path = unManageableUITestsLaunchTests.swift; sourceTree = "<group>"; };
/* End PBXFileReference section */

/* Begin PBXFrameworksBuildPhase section */
		7FAD97EE2AE9A8D70029787D /* Frameworks */ = {
			isa = PBXFrameworksBuildPhase;
			buildActionMask = 2147483647;
			files = (
			);
			runOnlyForDeploymentPostprocessing = 0;
		};
		7FAD98002AE9A8D90029787D /* Frameworks */ = {
			isa = PBXFrameworksBuildPhase;
			buildActionMask = 2147483647;
			files = (
			);
			runOnlyForDeploymentPostprocessing = 0;
		};
		7FAD980A2AE9A8D90029787D /* Frameworks */ = {
			isa = PBXFrameworksBuildPhase;
			buildActionMask = 2147483647;
			files = (
			);
			runOnlyForDeploymentPostprocessing = 0;
		};
/* End PBXFrameworksBuildPhase section */

/* Begin PBXGroup section */
		7FAD97E82AE9A8D70029787D = {
			isa = PBXGroup;
			children = (
				7FAD97F32AE9A8D70029787D /* unManageable */,
				7FAD98062AE9A8D90029787D /* unManageableTests */,
				7FAD98102AE9A8D90029787D /* unManageableUITests */,
				7FAD97F22AE9A8D70029787D /* Products */,
			);
			sourceTree = "<group>";
		};
		7FAD97F22AE9A8D70029787D /* Products */ = {
			isa = PBXGroup;
			children = (
				7FAD97F12AE9A8D70029787D /* unManageable.app */,
				7FAD98032AE9A8D90029787D /* unManageableTests.xctest */,
				7FAD980D2AE9A8D90029787D /* unManageableUITests.xctest */,
			);
			name = Products;
			sourceTree = "<group>";
		};
		7FAD97F32AE9A8D70029787D /* unManageable */ = {
			isa = PBXGroup;
			children = (
				7FAD97F42AE9A8D70029787D /* unManageableApp.swift */,
				7FAD97F62AE9A8D70029787D /* ContentView.swift */,
				7FAD97F82AE9A8D70029787D /* Item.swift */,
				7FAD97FA2AE9A8D90029787D /* Assets.xcassets */,
				7FAD97FC2AE9A8D90029787D /* Preview Content */,
			);
			path = unManageable;
			sourceTree = "<group>";
		};
		7FAD97FC2AE9A8D90029787D /* Preview Content */ = {
			isa = PBXGroup;
			children = (
				7FAD97FD2AE9A8D90029787D /* Preview Assets.xcassets */,
			);
			path = "Preview Content";
			sourceTree = "<group>";
		};
		7FAD98062AE9A8D90029787D /* unManageableTests */ = {
			isa = PBXGroup;
			children = (
				7FAD98072AE9A8D90029787D /* unManageableTests.swift */,
			);
			path = unManageableTests;
			sourceTree = "<group>";
		};
		7FAD98102AE9A8D90029787D /* unManageableUITests */ = {
			isa = PBXGroup;
			children = (
				7FAD98112AE9A8D90029787D /* unManageableUITests.swift */,
				7FAD98132AE9A8D90029787D /* unManageableUITestsLaunchTests.swift */,
			);
			path = unManageableUITests;
			sourceTree = "<group>";
		};
/* End PBXGroup section */

/* Begin PBXNativeTarget section */
		7FAD97F02AE9A8D70029787D /* unManageable */ = {
			isa = PBXNativeTarget;
			buildConfigurationList = 7FAD98172AE9A8D90029787D /* Build configuration list for PBXNativeTarget "unManageable" */;
			buildPhases = (
				7FAD97ED2AE9A8D70029787D /* Sources */,
				7FAD97EE2AE9A8D70029787D /* Frameworks */,
				7FAD97EF2AE9A8D70029787D /* Resources */,
			);
			buildRules = (
			);
			dependencies = (
			);
			name = unManageable;
			productName = unManageable;
			productReference = 7FAD97F12AE9A8D70029787D /* unManageable.app */;
			productType = "com.apple.product-type.application";
		};
		7FAD98022AE9A8D90029787D /* unManageableTests */ = {
			isa = PBXNativeTarget;
			buildConfigurationList = 7FAD981A2AE9A8D90029787D /* Build configuration list for PBXNativeTarget "unManageableTests" */;
			buildPhases = (
				7FAD97FF2AE9A8D90029787D /* Sources */,
				7FAD98002AE9A8D90029787D /* Frameworks */,
				7FAD98012AE9A8D90029787D /* Resources */,
			);
			buildRules = (
			);
			dependencies = (
				7FAD98052AE9A8D90029787D /* PBXTargetDependency */,
			);
			name = unManageableTests;
			productName = unManageableTests;
			productReference = 7FAD98032AE9A8D90029787D /* unManageableTests.xctest */;
			productType = "com.apple.product-type.bundle.unit-test";
		};
		7FAD980C2AE9A8D90029787D /* unManageableUITests */ = {
			isa = PBXNativeTarget;
			buildConfigurationList = 7FAD981D2AE9A8D90029787D /* Build configuration list for PBXNativeTarget "unManageableUITests" */;
			buildPhases = (
				7FAD98092AE9A8D90029787D /* Sources */,
				7FAD980A2AE9A8D90029787D /* Frameworks */,
				7FAD980B2AE9A8D90029787D /* Resources */,
			);
			buildRules = (
			);
			dependencies = (
				7FAD980F2AE9A8D90029787D /* PBXTargetDependency */,
			);
			name = unManageableUITests;
			productName = unManageableUITests;
			productReference = 7FAD980D2AE9A8D90029787D /* unManageableUITests.xctest */;
			productType = "com.apple.product-type.bundle.ui-testing";
		};
/* End PBXNativeTarget section */

/* Begin PBXProject section */
		7FAD97E92AE9A8D70029787D /* Project object */ = {
			isa = PBXProject;
			attributes = {
				BuildIndependentTargetsInParallel = 1;
				LastSwiftUpdateCheck = 1500;
				LastUpgradeCheck = 1500;
				TargetAttributes = {
					7FAD97F02AE9A8D70029787D = {
						CreatedOnToolsVersion = 15.0.1;
					};
					7FAD98022AE9A8D90029787D = {
						CreatedOnToolsVersion = 15.0.1;
						TestTargetID = 7FAD97F02AE9A8D70029787D;
					};
					7FAD980C2AE9A8D90029787D = {
						CreatedOnToolsVersion = 15.0.1;
						TestTargetID = 7FAD97F02AE9A8D70029787D;
					};
				};
			};
			buildConfigurationList = 7FAD97EC2AE9A8D70029787D /* Build configuration list for PBXProject "unManageable" */;
			compatibilityVersion = "Xcode 14.0";
			developmentRegion = en;
			hasScannedForEncodings = 0;
			knownRegions = (
				en,
				Base,
			);
			mainGroup = 7FAD97E82AE9A8D70029787D;
			productRefGroup = 7FAD97F22AE9A8D70029787D /* Products */;
			projectDirPath = "";
			projectRoot = "";
			targets = (
				7FAD97F02AE9A8D70029787D /* unManageable */,
				7FAD98022AE9A8D90029787D /* unManageableTests */,
				7FAD980C2AE9A8D90029787D /* unManageableUITests */,
			);
		};
/* End PBXProject section */

/* Begin PBXResourcesBuildPhase section */
		7FAD97EF2AE9A8D70029787D /* Resources */ = {
			isa = PBXResourcesBuildPhase;
			buildActionMask = 2147483647;
			files = (
				7FAD97FE2AE9A8D90029787D /* Preview Assets.xcassets in Resources */,
				7FAD97FB2AE9A8D90029787D /* Assets.xcassets in Resources */,
			);
			runOnlyForDeploymentPostprocessing = 0;
		};
		7FAD98012AE9A8D90029787D /* Resources */ = {
			isa = PBXResourcesBuildPhase;
			buildActionMask = 2147483647;
			files = (
			);
			runOnlyForDeploymentPostprocessing = 0;
		};
		7FAD980B2AE9A8D90029787D /* Resources */ = {
			isa = PBXResourcesBuildPhase;
			buildActionMask = 2147483647;
			files = (
			);
			runOnlyForDeploymentPostprocessing = 0;
		};
/* End PBXResourcesBuildPhase section */

/* Begin PBXSourcesBuildPhase section */
		7FAD97ED2AE9A8D70029787D /* Sources */ = {
			isa = PBXSourcesBuildPhase;
			buildActionMask = 2147483647;
			files = (
				7FAD97F72AE9A8D70029787D /* ContentView.swift in Sources */,
				7FAD97F92AE9A8D70029787D /* Item.swift in Sources */,
				7FAD97F52AE9A8D70029787D /* unManageableApp.swift in Sources */,
			);
			runOnlyForDeploymentPostprocessing = 0;
		};
		7FAD97FF2AE9A8D90029787D /* Sources */ = {
			isa = PBXSourcesBuildPhase;
			buildActionMask = 2147483647;
			files = (
				7FAD98082AE9A8D90029787D /* unManageableTests.swift in Sources */,
			);
			runOnlyForDeploymentPostprocessing = 0;
		};
		7FAD98092AE9A8D90029787D /* Sources */ = {
			isa = PBXSourcesBuildPhase;
			buildActionMask = 2147483647;
			files = (
				7FAD98142AE9A8D90029787D /* unManageableUITestsLaunchTests.swift in Sources */,
				7FAD98122AE9A8D90029787D /* unManageableUITests.swift in Sources */,
			);
			runOnlyForDeploymentPostprocessing = 0;
		};
/* End PBXSourcesBuildPhase section */

/* Begin PBXTargetDependency section */
		7FAD98052AE9A8D90029787D /* PBXTargetDependency */ = {
			isa = PBXTargetDependency;
			target = 7FAD97F02AE9A8D70029787D /* unManageable */;
			targetProxy = 7FAD98042AE9A8D90029787D /* PBXContainerItemProxy */;
		};
		7FAD980F2AE9A8D90029787D /* PBXTargetDependency */ = {
			isa = PBXTargetDependency;
			target = 7FAD97F02AE9A8D70029787D /* unManageable */;
			targetProxy = 7FAD980E2AE9A8D90029787D /* PBXContainerItemProxy */;
		};
/* End PBXTargetDependency section */

/* Begin XCBuildConfiguration section */
		7FAD98152AE9A8D90029787D /* Debug */ = {
			isa = XCBuildConfiguration;
			buildSettings = {
				ALWAYS_SEARCH_USER_PATHS = NO;
				ASSETCATALOG_COMPILER_GENERATE_SWIFT_ASSET_SYMBOL_EXTENSIONS = YES;
				CLANG_ANALYZER_NONNULL = YES;
				CLANG_ANALYZER_NUMBER_OBJECT_CONVERSION = YES_AGGRESSIVE;
				CLANG_CXX_LANGUAGE_STANDARD = "gnu++20";
				CLANG_ENABLE_MODULES = YES;
				CLANG_ENABLE_OBJC_ARC = YES;
				CLANG_ENABLE_OBJC_WEAK = YES;
				CLANG_WARN_BLOCK_CAPTURE_AUTORELEASING = YES;
				CLANG_WARN_BOOL_CONVERSION = YES;
				CLANG_WARN_COMMA = YES;
				CLANG_WARN_CONSTANT_CONVERSION = YES;
				CLANG_WARN_DEPRECATED_OBJC_IMPLEMENTATIONS = YES;
				CLANG_WARN_DIRECT_OBJC_ISA_USAGE = YES_ERROR;
				CLANG_WARN_DOCUMENTATION_COMMENTS = YES;
				CLANG_WARN_EMPTY_BODY = YES;
				CLANG_WARN_ENUM_CONVERSION = YES;
				CLANG_WARN_INFINITE_RECURSION = YES;
				CLANG_WARN_INT_CONVERSION = YES;
				CLANG_WARN_NON_LITERAL_NULL_CONVERSION = YES;
				CLANG_WARN_OBJC_IMPLICIT_RETAIN_SELF = YES;
				CLANG_WARN_OBJC_LITERAL_CONVERSION = YES;
				CLANG_WARN_OBJC_ROOT_CLASS = YES_ERROR;
				CLANG_WARN_QUOTED_INCLUDE_IN_FRAMEWORK_HEADER = YES;
				CLANG_WARN_RANGE_LOOP_ANALYSIS = YES;
				CLANG_WARN_STRICT_PROTOTYPES = YES;
				CLANG_WARN_SUSPICIOUS_MOVE = YES;
				CLANG_WARN_UNGUARDED_AVAILABILITY = YES_AGGRESSIVE;
				CLANG_WARN_UNREACHABLE_CODE = YES;
				CLANG_WARN__DUPLICATE_METHOD_MATCH = YES;
				COPY_PHASE_STRIP = NO;
				DEBUG_INFORMATION_FORMAT = dwarf;
				ENABLE_STRICT_OBJC_MSGSEND = YES;
				ENABLE_TESTABILITY = YES;
				ENABLE_USER_SCRIPT_SANDBOXING = YES;
				GCC_C_LANGUAGE_STANDARD = gnu17;
				GCC_DYNAMIC_NO_PIC = NO;
				GCC_NO_COMMON_BLOCKS = YES;
				GCC_OPTIMIZATION_LEVEL = 0;
				GCC_PREPROCESSOR_DEFINITIONS = (
					"DEBUG=1",
					"$(inherited)",
				);
				GCC_WARN_64_TO_32_BIT_CONVERSION = YES;
				GCC_WARN_ABOUT_RETURN_TYPE = YES_ERROR;
				GCC_WARN_UNDECLARED_SELECTOR = YES;
				GCC_WARN_UNINITIALIZED_AUTOS = YES_AGGRESSIVE;
				GCC_WARN_UNUSED_FUNCTION = YES;
				GCC_WARN_UNUSED_VARIABLE = YES;
				IPHONEOS_DEPLOYMENT_TARGET = 17.0;
				LOCALIZATION_PREFERS_STRING_CATALOGS = YES;
				MTL_ENABLE_DEBUG_INFO = INCLUDE_SOURCE;
				MTL_FAST_MATH = YES;
				ONLY_ACTIVE_ARCH = YES;
				SDKROOT = iphoneos;
				SWIFT_ACTIVE_COMPILATION_CONDITIONS = "DEBUG $(inherited)";
				SWIFT_OPTIMIZATION_LEVEL = "-Onone";
			};
			name = Debug;
		};
		7FAD98162AE9A8D90029787D /* Release */ = {
			isa = XCBuildConfiguration;
			buildSettings = {
				ALWAYS_SEARCH_USER_PATHS = NO;
				ASSETCATALOG_COMPILER_GENERATE_SWIFT_ASSET_SYMBOL_EXTENSIONS = YES;
				CLANG_ANALYZER_NONNULL = YES;
				CLANG_ANALYZER_NUMBER_OBJECT_CONVERSION = YES_AGGRESSIVE;
				CLANG_CXX_LANGUAGE_STANDARD = "gnu++20";
				CLANG_ENABLE_MODULES = YES;
				CLANG_ENABLE_OBJC_ARC = YES;
				CLANG_ENABLE_OBJC_WEAK = YES;
				CLANG_WARN_BLOCK_CAPTURE_AUTORELEASING = YES;
				CLANG_WARN_BOOL_CONVERSION = YES;
				CLANG_WARN_COMMA = YES;
				CLANG_WARN_CONSTANT_CONVERSION = YES;
				CLANG_WARN_DEPRECATED_OBJC_IMPLEMENTATIONS = YES;
				CLANG_WARN_DIRECT_OBJC_ISA_USAGE = YES_ERROR;
				CLANG_WARN_DOCUMENTATION_COMMENTS = YES;
				CLANG_WARN_EMPTY_BODY = YES;
				CLANG_WARN_ENUM_CONVERSION = YES;
				CLANG_WARN_INFINITE_RECURSION = YES;
				CLANG_WARN_INT_CONVERSION = YES;
				CLANG_WARN_NON_LITERAL_NULL_CONVERSION = YES;
				CLANG_WARN_OBJC_IMPLICIT_RETAIN_SELF = YES;
				CLANG_WARN_OBJC_LITERAL_CONVERSION = YES;
				CLANG_WARN_OBJC_ROOT_CLASS = YES_ERROR;
				CLANG_WARN_QUOTED_INCLUDE_IN_FRAMEWORK_HEADER = YES;
				CLANG_WARN_RANGE_LOOP_ANALYSIS = YES;
				CLANG_WARN_STRICT_PROTOTYPES = YES;
				CLANG_WARN_SUSPICIOUS_MOVE = YES;
				CLANG_WARN_UNGUARDED_AVAILABILITY = YES_AGGRESSIVE;
				CLANG_WARN_UNREACHABLE_CODE = YES;
				CLANG_WARN__DUPLICATE_METHOD_MATCH = YES;
				COPY_PHASE_STRIP = NO;
				DEBUG_INFORMATION_FORMAT = "dwarf-with-dsym";
				ENABLE_NS_ASSERTIONS = NO;
				ENABLE_STRICT_OBJC_MSGSEND = YES;
				ENABLE_USER_SCRIPT_SANDBOXING = YES;
				GCC_C_LANGUAGE_STANDARD = gnu17;
				GCC_NO_COMMON_BLOCKS = YES;
				GCC_WARN_64_TO_32_BIT_CONVERSION = YES;
				GCC_WARN_ABOUT_RETURN_TYPE = YES_ERROR;
				GCC_WARN_UNDECLARED_SELECTOR = YES;
				GCC_WARN_UNINITIALIZED_AUTOS = YES_AGGRESSIVE;
				GCC_WARN_UNUSED_FUNCTION = YES;
				GCC_WARN_UNUSED_VARIABLE = YES;
				IPHONEOS_DEPLOYMENT_TARGET = 17.0;
				LOCALIZATION_PREFERS_STRING_CATALOGS = YES;
				MTL_ENABLE_DEBUG_INFO = NO;
				MTL_FAST_MATH = YES;
				SDKROOT = iphoneos;
				SWIFT_COMPILATION_MODE = wholemodule;
				VALIDATE_PRODUCT = YES;
			};
			name = Release;
		};
		7FAD98182AE9A8D90029787D /* Debug */ = {
			isa = XCBuildConfiguration;
			buildSettings = {
				ASSETCATALOG_COMPILER_APPICON_NAME = AppIcon;
				ASSETCATALOG_COMPILER_GLOBAL_ACCENT_COLOR_NAME = AccentColor;
				CODE_SIGN_STYLE = Automatic;
				CURRENT_PROJECT_VERSION = 1;
				DEVELOPMENT_ASSET_PATHS = "\"unManageable/Preview Content\"";
				DEVELOPMENT_TEAM = U273N3Z793;
				ENABLE_PREVIEWS = YES;
				GENERATE_INFOPLIST_FILE = YES;
				INFOPLIST_KEY_UIApplicationSceneManifest_Generation = YES;
				INFOPLIST_KEY_UIApplicationSupportsIndirectInputEvents = YES;
				INFOPLIST_KEY_UILaunchScreen_Generation = YES;
				INFOPLIST_KEY_UISupportedInterfaceOrientations_iPad = "UIInterfaceOrientationPortrait UIInterfaceOrientationPortraitUpsideDown UIInterfaceOrientationLandscapeLeft UIInterfaceOrientationLandscapeRight";
				INFOPLIST_KEY_UISupportedInterfaceOrientations_iPhone = "UIInterfaceOrientationPortrait UIInterfaceOrientationLandscapeLeft UIInterfaceOrientationLandscapeRight";
				LD_RUNPATH_SEARCH_PATHS = (
					"$(inherited)",
					"@executable_path/Frameworks",
				);
				MARKETING_VERSION = 1.0;
				PRODUCT_BUNDLE_IDENTIFIER = zm.unManageable;
				PRODUCT_NAME = "$(TARGET_NAME)";
				SWIFT_EMIT_LOC_STRINGS = YES;
				SWIFT_VERSION = 5.0;
				TARGETED_DEVICE_FAMILY = "1,2";
			};
			name = Debug;
		};
		7FAD98192AE9A8D90029787D /* Release */ = {
			isa = XCBuildConfiguration;
			buildSettings = {
				ASSETCATALOG_COMPILER_APPICON_NAME = AppIcon;
				ASSETCATALOG_COMPILER_GLOBAL_ACCENT_COLOR_NAME = AccentColor;
				CODE_SIGN_STYLE = Automatic;
				CURRENT_PROJECT_VERSION = 1;
				DEVELOPMENT_ASSET_PATHS = "\"unManageable/Preview Content\"";
				DEVELOPMENT_TEAM = U273N3Z793;
				ENABLE_PREVIEWS = YES;
				GENERATE_INFOPLIST_FILE = YES;
				INFOPLIST_KEY_UIApplicationSceneManifest_Generation = YES;
				INFOPLIST_KEY_UIApplicationSupportsIndirectInputEvents = YES;
				INFOPLIST_KEY_UILaunchScreen_Generation = YES;
				INFOPLIST_KEY_UISupportedInterfaceOrientations_iPad = "UIInterfaceOrientationPortrait UIInterfaceOrientationPortraitUpsideDown UIInterfaceOrientationLandscapeLeft UIInterfaceOrientationLandscapeRight";
				INFOPLIST_KEY_UISupportedInterfaceOrientations_iPhone = "UIInterfaceOrientationPortrait UIInterfaceOrientationLandscapeLeft UIInterfaceOrientationLandscapeRight";
				LD_RUNPATH_SEARCH_PATHS = (
					"$(inherited)",
					"@executable_path/Frameworks",
				);
				MARKETING_VERSION = 1.0;
				PRODUCT_BUNDLE_IDENTIFIER = zm.unManageable;
				PRODUCT_NAME = "$(TARGET_NAME)";
				SWIFT_EMIT_LOC_STRINGS = YES;
				SWIFT_VERSION = 5.0;
				TARGETED_DEVICE_FAMILY = "1,2";
			};
			name = Release;
		};
		7FAD981B2AE9A8D90029787D /* Debug */ = {
			isa = XCBuildConfiguration;
			buildSettings = {
				ALWAYS_EMBED_SWIFT_STANDARD_LIBRARIES = YES;
				BUNDLE_LOADER = "$(TEST_HOST)";
				CODE_SIGN_STYLE = Automatic;
				CURRENT_PROJECT_VERSION = 1;
				DEVELOPMENT_TEAM = U273N3Z793;
				GENERATE_INFOPLIST_FILE = YES;
				IPHONEOS_DEPLOYMENT_TARGET = 17.0;
				MARKETING_VERSION = 1.0;
				PRODUCT_BUNDLE_IDENTIFIER = zm.unManageableTests;
				PRODUCT_NAME = "$(TARGET_NAME)";
				SWIFT_EMIT_LOC_STRINGS = NO;
				SWIFT_VERSION = 5.0;
				TARGETED_DEVICE_FAMILY = "1,2";
				TEST_HOST = "$(BUILT_PRODUCTS_DIR)/unManageable.app/$(BUNDLE_EXECUTABLE_FOLDER_PATH)/unManageable";
			};
			name = Debug;
		};
		7FAD981C2AE9A8D90029787D /* Release */ = {
			isa = XCBuildConfiguration;
			buildSettings = {
				ALWAYS_EMBED_SWIFT_STANDARD_LIBRARIES = YES;
				BUNDLE_LOADER = "$(TEST_HOST)";
				CODE_SIGN_STYLE = Automatic;
				CURRENT_PROJECT_VERSION = 1;
				DEVELOPMENT_TEAM = U273N3Z793;
				GENERATE_INFOPLIST_FILE = YES;
				IPHONEOS_DEPLOYMENT_TARGET = 17.0;
				MARKETING_VERSION = 1.0;
				PRODUCT_BUNDLE_IDENTIFIER = zm.unManageableTests;
				PRODUCT_NAME = "$(TARGET_NAME)";
				SWIFT_EMIT_LOC_STRINGS = NO;
				SWIFT_VERSION = 5.0;
				TARGETED_DEVICE_FAMILY = "1,2";
				TEST_HOST = "$(BUILT_PRODUCTS_DIR)/unManageable.app/$(BUNDLE_EXECUTABLE_FOLDER_PATH)/unManageable";
			};
			name = Release;
		};
		7FAD981E2AE9A8D90029787D /* Debug */ = {
			isa = XCBuildConfiguration;
			buildSettings = {
				ALWAYS_EMBED_SWIFT_STANDARD_LIBRARIES = YES;
				CODE_SIGN_STYLE = Automatic;
				CURRENT_PROJECT_VERSION = 1;
				DEVELOPMENT_TEAM = U273N3Z793;
				GENERATE_INFOPLIST_FILE = YES;
				MARKETING_VERSION = 1.0;
				PRODUCT_BUNDLE_IDENTIFIER = zm.unManageableUITests;
				PRODUCT_NAME = "$(TARGET_NAME)";
				SWIFT_EMIT_LOC_STRINGS = NO;
				SWIFT_VERSION = 5.0;
				TARGETED_DEVICE_FAMILY = "1,2";
				TEST_TARGET_NAME = unManageable;
			};
			name = Debug;
		};
		7FAD981F2AE9A8D90029787D /* Release */ = {
			isa = XCBuildConfiguration;
			buildSettings = {
				ALWAYS_EMBED_SWIFT_STANDARD_LIBRARIES = YES;
				CODE_SIGN_STYLE = Automatic;
				CURRENT_PROJECT_VERSION = 1;
				DEVELOPMENT_TEAM = U273N3Z793;
				GENERATE_INFOPLIST_FILE = YES;
				MARKETING_VERSION = 1.0;
				PRODUCT_BUNDLE_IDENTIFIER = zm.unManageableUITests;
				PRODUCT_NAME = "$(TARGET_NAME)";
				SWIFT_EMIT_LOC_STRINGS = NO;
				SWIFT_VERSION = 5.0;
				TARGETED_DEVICE_FAMILY = "1,2";
				TEST_TARGET_NAME = unManageable;
			};
			name = Release;
		};
/* End XCBuildConfiguration section */

/* Begin XCConfigurationList section */
		7FAD97EC2AE9A8D70029787D /* Build configuration list for PBXProject "unManageable" */ = {
			isa = XCConfigurationList;
			buildConfigurations = (
				7FAD98152AE9A8D90029787D /* Debug */,
				7FAD98162AE9A8D90029787D /* Release */,
			);
			defaultConfigurationIsVisible = 0;
			defaultConfigurationName = Release;
		};
		7FAD98172AE9A8D90029787D /* Build configuration list for PBXNativeTarget "unManageable" */ = {
			isa = XCConfigurationList;
			buildConfigurations = (
				7FAD98182AE9A8D90029787D /* Debug */,
				7FAD98192AE9A8D90029787D /* Release */,
			);
			defaultConfigurationIsVisible = 0;
			defaultConfigurationName = Release;
		};
		7FAD981A2AE9A8D90029787D /* Build configuration list for PBXNativeTarget "unManageableTests" */ = {
			isa = XCConfigurationList;
			buildConfigurations = (
				7FAD981B2AE9A8D90029787D /* Debug */,
				7FAD981C2AE9A8D90029787D /* Release */,
			);
			defaultConfigurationIsVisible = 0;
			defaultConfigurationName = Release;
		};
		7FAD981D2AE9A8D90029787D /* Build configuration list for PBXNativeTarget "unManageableUITests" */ = {
			isa = XCConfigurationList;
			buildConfigurations = (
				7FAD981E2AE9A8D90029787D /* Debug */,
				7FAD981F2AE9A8D90029787D /* Release */,
			);
			defaultConfigurationIsVisible = 0;
			defaultConfigurationName = Release;
		};
/* End XCConfigurationList section */
	};
	rootObject = 7FAD97E92AE9A8D70029787D /* Project object */;
}
